{
  "object": {
    "pins": [
      {
        "package": "Socket",
        "repositoryURL": "https://github.com/IBM-Swift/BlueSocket.git",
        "state": {
          "branch": null,
          "revision": "c9894fd117457f1d006575fbfb2fdfd6f79eac03",
          "version": "1.0.200"
        }
      },
      {
        "package": "CoreSwiftVISA",
        "repositoryURL": "https://github.com/SwiftVISA/CoreSwiftVISA.git",
        "state": {
          "branch": "actor",
          "revision": "229f53ba130653b4945188a94a0bbeea5d21ea6f",
          "version": null
        }
      },
      {
        "package": "SwiftVISASwift",
        "repositoryURL": "https://github.com/SwiftVISA/SwiftVISASwift.git",
        "state": {
          "branch": "actor",
          "revision": "1ccb532a7967fb0c37a503d2aa15f999991bae2d",
          "version": null
        }
      },
      {
        "package": "XPSQ8Kit",
        "repositoryURL": "https://github.com/HildrethResearchGroup/XPSQ8Kit.git",
        "state": {
          "branch": "actor",
          "revision": "c45c281d022720ea0537346780290d9a3e75c529",
          "version": null
        }
      }
    ]
  },
  "version": 1
}
